
Microsoft Visual Studio Solution File, Format Version 12.00
# Visual Studio Version 17
VisualStudioVersion = 17.8.34330.188
MinimumVisualStudioVersion = 10.0.40219.1
Project("{FAE04EC0-301F-11D3-BF4B-00C04F79EFBC}") = "пР 8 2 КУРС", "пР 8 2 КУРС\пР 8 2 КУРС.csproj", "{50703D70-FF8D-41E3-A2BF-8598DD2F84F2}"
EndProject
Global
	GlobalSection(SolutionConfigurationPlatforms) = preSolution
		Debug|Any CPU = Debug|Any CPU
		Release|Any CPU = Release|Any CPU
	EndGlobalSection
	GlobalSection(ProjectConfigurationPlatforms) = postSolution
		{50703D70-FF8D-41E3-A2BF-8598DD2F84F2}.Debug|Any CPU.ActiveCfg = Debug|Any CPU
		{50703D70-FF8D-41E3-A2BF-8598DD2F84F2}.Debug|Any CPU.Build.0 = Debug|Any CPU
		{50703D70-FF8D-41E3-A2BF-8598DD2F84F2}.Release|Any CPU.ActiveCfg = Release|Any CPU
		{50703D70-FF8D-41E3-A2BF-8598DD2F84F2}.Release|Any CPU.Build.0 = Release|Any CPU
	EndGlobalSection
	GlobalSection(SolutionProperties) = preSolution
		HideSolutionNode = FALSE
	EndGlobalSection
	GlobalSection(ExtensibilityGlobals) = postSolution
		SolutionGuid = {FD459EF2-8DB9-4DDB-ABF9-C43773832106}
	EndGlobalSection
EndGlobal
