
Microsoft Visual Studio Solution File, Format Version 12.00
# Visual Studio Version 17
VisualStudioVersion = 17.8.34330.188
MinimumVisualStudioVersion = 10.0.40219.1
Project("{FAE04EC0-301F-11D3-BF4B-00C04F79EFBC}") = "пр 8; 2 задание", "пр 8; 2 задание\пр 8; 2 задание.csproj", "{4C95C7CD-327E-4CCB-B084-A98E0BF225B6}"
EndProject
Global
	GlobalSection(SolutionConfigurationPlatforms) = preSolution
		Debug|Any CPU = Debug|Any CPU
		Release|Any CPU = Release|Any CPU
	EndGlobalSection
	GlobalSection(ProjectConfigurationPlatforms) = postSolution
		{4C95C7CD-327E-4CCB-B084-A98E0BF225B6}.Debug|Any CPU.ActiveCfg = Debug|Any CPU
		{4C95C7CD-327E-4CCB-B084-A98E0BF225B6}.Debug|Any CPU.Build.0 = Debug|Any CPU
		{4C95C7CD-327E-4CCB-B084-A98E0BF225B6}.Release|Any CPU.ActiveCfg = Release|Any CPU
		{4C95C7CD-327E-4CCB-B084-A98E0BF225B6}.Release|Any CPU.Build.0 = Release|Any CPU
	EndGlobalSection
	GlobalSection(SolutionProperties) = preSolution
		HideSolutionNode = FALSE
	EndGlobalSection
	GlobalSection(ExtensibilityGlobals) = postSolution
		SolutionGuid = {4A395B4A-3099-430A-A2F4-03EEB3004BF0}
	EndGlobalSection
EndGlobal
